
Microsoft Visual Studio Solution File, Format Version 12.00
# Visual Studio Version 17
VisualStudioVersion = 17.0.31903.59
MinimumVisualStudioVersion = 10.0.40219.1
Project("{FAE04EC0-301F-11D3-BF4B-00C04F79EFBC}") = "ChatServer", "ChatServer\ChatServer.csproj", "{A931C758-BB9D-4C71-8F69-84648A905AD8}"
EndProject
Project("{FAE04EC0-301F-11D3-BF4B-00C04F79EFBC}") = "ChatClient", "ChatClient\ChatClient.csproj", "{74AEB327-6615-444F-A7C4-DC6E61F5E080}"
EndProject
Global
	GlobalSection(SolutionConfigurationPlatforms) = preSolution
		Debug|Any CPU = Debug|Any CPU
		Release|Any CPU = Release|Any CPU
	EndGlobalSection
	GlobalSection(SolutionProperties) = preSolution
		HideSolutionNode = FALSE
	EndGlobalSection
	GlobalSection(ProjectConfigurationPlatforms) = postSolution
		{A931C758-BB9D-4C71-8F69-84648A905AD8}.Debug|Any CPU.ActiveCfg = Debug|Any CPU
		{A931C758-BB9D-4C71-8F69-84648A905AD8}.Debug|Any CPU.Build.0 = Debug|Any CPU
		{A931C758-BB9D-4C71-8F69-84648A905AD8}.Release|Any CPU.ActiveCfg = Release|Any CPU
		{A931C758-BB9D-4C71-8F69-84648A905AD8}.Release|Any CPU.Build.0 = Release|Any CPU
		{74AEB327-6615-444F-A7C4-DC6E61F5E080}.Debug|Any CPU.ActiveCfg = Debug|Any CPU
		{74AEB327-6615-444F-A7C4-DC6E61F5E080}.Debug|Any CPU.Build.0 = Debug|Any CPU
		{74AEB327-6615-444F-A7C4-DC6E61F5E080}.Release|Any CPU.ActiveCfg = Release|Any CPU
		{74AEB327-6615-444F-A7C4-DC6E61F5E080}.Release|Any CPU.Build.0 = Release|Any CPU
	EndGlobalSection
EndGlobal
